
Microsoft Visual Studio Solution File, Format Version 11.00
# Visual Studio 2010
Project("{FAE04EC0-301F-11D3-BF4B-00C04F79EFBC}") = "Assembly-CSharp", "Assembly-CSharp.csproj", "{c1c80a14-99c6-ccdc-286e-c242cc216e3c}"
EndProject
Global
	GlobalSection(SolutionConfigurationPlatforms) = preSolution
		Debug|Any CPU = Debug|Any CPU
		Release|Any CPU = Release|Any CPU
	EndGlobalSection
	GlobalSection(ProjectConfigurationPlatforms) = postSolution
		{c1c80a14-99c6-ccdc-286e-c242cc216e3c}.Debug|Any CPU.ActiveCfg = Debug|Any CPU
		{c1c80a14-99c6-ccdc-286e-c242cc216e3c}.Debug|Any CPU.Build.0 = Debug|Any CPU
		{c1c80a14-99c6-ccdc-286e-c242cc216e3c}.Release|Any CPU.ActiveCfg = Release|Any CPU
		{c1c80a14-99c6-ccdc-286e-c242cc216e3c}.Release|Any CPU.Build.0 = Release|Any CPU
	EndGlobalSection
	GlobalSection(SolutionProperties) = preSolution
		HideSolutionNode = FALSE
	EndGlobalSection
EndGlobal
